{
  "name": "nju-cats",
  "version": "1.0.0",
  "lockfileVersion": 1,
  "requires": true,
  "dependencies": {
    "@tensorflow/tfjs-converter": {
      "version": "1.7.3",
      "resolved": "https://registry.npmjs.org/@tensorflow/tfjs-converter/-/tfjs-converter-1.7.3.tgz",
      "integrity": "sha512-C6ksvLzhgqDPwVBXc28+k4m01kB0WC3iXemqfe38Ld3Dc9AIU7I0xvYW7z1rfa/txRDDOG7kDf6zWLUHq2yiXQ=="
    },
    "@tensorflow/tfjs-core": {
      "version": "1.7.3",
      "resolved": "https://registry.npmjs.org/@tensorflow/tfjs-core/-/tfjs-core-1.7.3.tgz",
      "integrity": "sha512-+l0BxgNLQuKSlKAWjd9X4zOQaZo+RzQT1artOw/q88LpseH33OYV6705KpMMTy6FEk09NLQX4mgWwelkWDrnRg=="
    },
    "@tensorflow/tfjs-layers": {
      "version": "1.7.3",
      "resolved": "https://registry.npmjs.org/@tensorflow/tfjs-layers/-/tfjs-layers-1.7.3.tgz",
      "integrity": "sha512-Iy8LRgWrU1mAH5ZLjigWUMEm4BnjhxCsjfNYNAFxjBGCthYDkdzyVyZOW9BtXHMCHP+RRRQfdyNTzIOBoW8Q/Q=="
    },
    "fetch-wechat": {
      "version": "0.0.3",
      "resolved": "https://registry.npmjs.org/fetch-wechat/-/fetch-wechat-0.0.3.tgz",
      "integrity": "sha512-uEvCnHSaM53AjYmtiU8n7dB3RO4JX4RBxF3lXNf+cBHr5NRclmTAr5XiRtLL2lSdBcRwvLixhnjwCRJhyEKZgQ=="
    }
  }
}
